// !$*UTF8*$!
{
	archiveVersion = 1;
	classes = {
	};
	objectVersion = 56;
	objects = {

/* Begin PBXBuildFile section */
		3C1454C92A4B46FF0051804B /* DogsWithSwordsApp.swift in Sources */ = {isa = PBXBuildFile; fileRef = 3C1454C82A4B46FF0051804B /* DogsWithSwordsApp.swift */; };
		3C1454CB2A4B46FF0051804B /* ContentView.swift in Sources */ = {isa = PBXBuildFile; fileRef = 3C1454CA2A4B46FF0051804B /* ContentView.swift */; };
		3C1454CD2A4B47000051804B /* Assets.xcassets in Resources */ = {isa = PBXBuildFile; fileRef = 3C1454CC2A4B47000051804B /* Assets.xcassets */; };
		3C1454D02A4B47000051804B /* Preview Assets.xcassets in Resources */ = {isa = PBXBuildFile; fileRef = 3C1454CF2A4B47000051804B /* Preview Assets.xcassets */; };
		3C1454DA2A4B47010051804B /* DogsWithSwordsTests.swift in Sources */ = {isa = PBXBuildFile; fileRef = 3C1454D92A4B47010051804B /* DogsWithSwordsTests.swift */; };
		3C1454E42A4B47010051804B /* DogsWithSwordsUITests.swift in Sources */ = {isa = PBXBuildFile; fileRef = 3C1454E32A4B47010051804B /* DogsWithSwordsUITests.swift */; };
		3C1454E62A4B47010051804B /* DogsWithSwordsUITestsLaunchTests.swift in Sources */ = {isa = PBXBuildFile; fileRef = 3C1454E52A4B47010051804B /* DogsWithSwordsUITestsLaunchTests.swift */; };
		3C1454F42A4B47310051804B /* BreedsView.swift in Sources */ = {isa = PBXBuildFile; fileRef = 3C1454F32A4B47310051804B /* BreedsView.swift */; };
		3C1454F72A4B499F0051804B /* BreedDTO.swift in Sources */ = {isa = PBXBuildFile; fileRef = 3C1454F62A4B499F0051804B /* BreedDTO.swift */; };
		3C1454FB2A4B49EC0051804B /* BreedModel.swift in Sources */ = {isa = PBXBuildFile; fileRef = 3C1454FA2A4B49EC0051804B /* BreedModel.swift */; };
		3C1454FD2A4B4ABE0051804B /* BreedListViewModel.swift in Sources */ = {isa = PBXBuildFile; fileRef = 3C1454FC2A4B4ABE0051804B /* BreedListViewModel.swift */; };
		3C1454FF2A4B4DE90051804B /* BreedsListCell.swift in Sources */ = {isa = PBXBuildFile; fileRef = 3C1454FE2A4B4DE90051804B /* BreedsListCell.swift */; };
		3C1455012A4B64DC0051804B /* SearchBreedsView.swift in Sources */ = {isa = PBXBuildFile; fileRef = 3C1455002A4B64DC0051804B /* SearchBreedsView.swift */; };
		3CB11C952A4C4BAD007568BA /* BreedSearchModel.swift in Sources */ = {isa = PBXBuildFile; fileRef = 3CB11C942A4C4BAD007568BA /* BreedSearchModel.swift */; };
		3CB11C972A4C4C07007568BA /* BreedSearchViewModel.swift in Sources */ = {isa = PBXBuildFile; fileRef = 3CB11C962A4C4C07007568BA /* BreedSearchViewModel.swift */; };
		3CB11C992A4C729C007568BA /* BreedSearchListCell.swift in Sources */ = {isa = PBXBuildFile; fileRef = 3CB11C982A4C729C007568BA /* BreedSearchListCell.swift */; };
		3CB11C9B2A4C7CF6007568BA /* BreedDetailView.swift in Sources */ = {isa = PBXBuildFile; fileRef = 3CB11C9A2A4C7CF6007568BA /* BreedDetailView.swift */; };
/* End PBXBuildFile section */

/* Begin PBXContainerItemProxy section */
		3C1454D62A4B47010051804B /* PBXContainerItemProxy */ = {
			isa = PBXContainerItemProxy;
			containerPortal = 3C1454BD2A4B46FF0051804B /* Project object */;
			proxyType = 1;
			remoteGlobalIDString = 3C1454C42A4B46FF0051804B;
			remoteInfo = DogsWithSwords;
		};
		3C1454E02A4B47010051804B /* PBXContainerItemProxy */ = {
			isa = PBXContainerItemProxy;
			containerPortal = 3C1454BD2A4B46FF0051804B /* Project object */;
			proxyType = 1;
			remoteGlobalIDString = 3C1454C42A4B46FF0051804B;
			remoteInfo = DogsWithSwords;
		};
/* End PBXContainerItemProxy section */

/* Begin PBXFileReference section */
		3C1454C52A4B46FF0051804B /* DogsWithSwords.app */ = {isa = PBXFileReference; explicitFileType = wrapper.application; includeInIndex = 0; path = DogsWithSwords.app; sourceTree = BUILT_PRODUCTS_DIR; };
		3C1454C82A4B46FF0051804B /* DogsWithSwordsApp.swift */ = {isa = PBXFileReference; lastKnownFileType = sourcecode.swift; path = DogsWithSwordsApp.swift; sourceTree = "<group>"; };
		3C1454CA2A4B46FF0051804B /* ContentView.swift */ = {isa = PBXFileReference; lastKnownFileType = sourcecode.swift; path = ContentView.swift; sourceTree = "<group>"; };
		3C1454CC2A4B47000051804B /* Assets.xcassets */ = {isa = PBXFileReference; lastKnownFileType = folder.assetcatalog; path = Assets.xcassets; sourceTree = "<group>"; };
		3C1454CF2A4B47000051804B /* Preview Assets.xcassets */ = {isa = PBXFileReference; lastKnownFileType = folder.assetcatalog; path = "Preview Assets.xcassets"; sourceTree = "<group>"; };
		3C1454D52A4B47010051804B /* DogsWithSwordsTests.xctest */ = {isa = PBXFileReference; explicitFileType = wrapper.cfbundle; includeInIndex = 0; path = DogsWithSwordsTests.xctest; sourceTree = BUILT_PRODUCTS_DIR; };
		3C1454D92A4B47010051804B /* DogsWithSwordsTests.swift */ = {isa = PBXFileReference; lastKnownFileType = sourcecode.swift; path = DogsWithSwordsTests.swift; sourceTree = "<group>"; };
		3C1454DF2A4B47010051804B /* DogsWithSwordsUITests.xctest */ = {isa = PBXFileReference; explicitFileType = wrapper.cfbundle; includeInIndex = 0; path = DogsWithSwordsUITests.xctest; sourceTree = BUILT_PRODUCTS_DIR; };
		3C1454E32A4B47010051804B /* DogsWithSwordsUITests.swift */ = {isa = PBXFileReference; lastKnownFileType = sourcecode.swift; path = DogsWithSwordsUITests.swift; sourceTree = "<group>"; };
		3C1454E52A4B47010051804B /* DogsWithSwordsUITestsLaunchTests.swift */ = {isa = PBXFileReference; lastKnownFileType = sourcecode.swift; path = DogsWithSwordsUITestsLaunchTests.swift; sourceTree = "<group>"; };
		3C1454F32A4B47310051804B /* BreedsView.swift */ = {isa = PBXFileReference; lastKnownFileType = sourcecode.swift; path = BreedsView.swift; sourceTree = "<group>"; };
		3C1454F62A4B499F0051804B /* BreedDTO.swift */ = {isa = PBXFileReference; lastKnownFileType = sourcecode.swift; path = BreedDTO.swift; sourceTree = "<group>"; };
		3C1454FA2A4B49EC0051804B /* BreedModel.swift */ = {isa = PBXFileReference; lastKnownFileType = sourcecode.swift; path = BreedModel.swift; sourceTree = "<group>"; };
		3C1454FC2A4B4ABE0051804B /* BreedListViewModel.swift */ = {isa = PBXFileReference; lastKnownFileType = sourcecode.swift; path = BreedListViewModel.swift; sourceTree = "<group>"; };
		3C1454FE2A4B4DE90051804B /* BreedsListCell.swift */ = {isa = PBXFileReference; lastKnownFileType = sourcecode.swift; path = BreedsListCell.swift; sourceTree = "<group>"; };
		3C1455002A4B64DC0051804B /* SearchBreedsView.swift */ = {isa = PBXFileReference; lastKnownFileType = sourcecode.swift; path = SearchBreedsView.swift; sourceTree = "<group>"; };
		3CB11C942A4C4BAD007568BA /* BreedSearchModel.swift */ = {isa = PBXFileReference; lastKnownFileType = sourcecode.swift; path = BreedSearchModel.swift; sourceTree = "<group>"; };
		3CB11C962A4C4C07007568BA /* BreedSearchViewModel.swift */ = {isa = PBXFileReference; lastKnownFileType = sourcecode.swift; path = BreedSearchViewModel.swift; sourceTree = "<group>"; };
		3CB11C982A4C729C007568BA /* BreedSearchListCell.swift */ = {isa = PBXFileReference; lastKnownFileType = sourcecode.swift; path = BreedSearchListCell.swift; sourceTree = "<group>"; };
		3CB11C9A2A4C7CF6007568BA /* BreedDetailView.swift */ = {isa = PBXFileReference; lastKnownFileType = sourcecode.swift; path = BreedDetailView.swift; sourceTree = "<group>"; };
/* End PBXFileReference section */

/* Begin PBXFrameworksBuildPhase section */
		3C1454C22A4B46FF0051804B /* Frameworks */ = {
			isa = PBXFrameworksBuildPhase;
			buildActionMask = 2147483647;
			files = (
			);
			runOnlyForDeploymentPostprocessing = 0;
		};
		3C1454D22A4B47010051804B /* Frameworks */ = {
			isa = PBXFrameworksBuildPhase;
			buildActionMask = 2147483647;
			files = (
			);
			runOnlyForDeploymentPostprocessing = 0;
		};
		3C1454DC2A4B47010051804B /* Frameworks */ = {
			isa = PBXFrameworksBuildPhase;
			buildActionMask = 2147483647;
			files = (
			);
			runOnlyForDeploymentPostprocessing = 0;
		};
/* End PBXFrameworksBuildPhase section */

/* Begin PBXGroup section */
		3C1454BC2A4B46FF0051804B = {
			isa = PBXGroup;
			children = (
				3C1454C72A4B46FF0051804B /* DogsWithSwords */,
				3C1454D82A4B47010051804B /* DogsWithSwordsTests */,
				3C1454E22A4B47010051804B /* DogsWithSwordsUITests */,
				3C1454C62A4B46FF0051804B /* Products */,
			);
			sourceTree = "<group>";
		};
		3C1454C62A4B46FF0051804B /* Products */ = {
			isa = PBXGroup;
			children = (
				3C1454C52A4B46FF0051804B /* DogsWithSwords.app */,
				3C1454D52A4B47010051804B /* DogsWithSwordsTests.xctest */,
				3C1454DF2A4B47010051804B /* DogsWithSwordsUITests.xctest */,
			);
			name = Products;
			sourceTree = "<group>";
		};
		3C1454C72A4B46FF0051804B /* DogsWithSwords */ = {
			isa = PBXGroup;
			children = (
				3C1454F52A4B49900051804B /* DTO */,
				3C1454F82A4B49BD0051804B /* Models */,
				3C1454F92A4B49C90051804B /* ViewModels */,
				3C1454F22A4B471A0051804B /* Views */,
				3C1454C82A4B46FF0051804B /* DogsWithSwordsApp.swift */,
				3C1454CC2A4B47000051804B /* Assets.xcassets */,
				3C1454CE2A4B47000051804B /* Preview Content */,
			);
			path = DogsWithSwords;
			sourceTree = "<group>";
		};
		3C1454CE2A4B47000051804B /* Preview Content */ = {
			isa = PBXGroup;
			children = (
				3C1454CF2A4B47000051804B /* Preview Assets.xcassets */,
			);
			path = "Preview Content";
			sourceTree = "<group>";
		};
		3C1454D82A4B47010051804B /* DogsWithSwordsTests */ = {
			isa = PBXGroup;
			children = (
				3C1454D92A4B47010051804B /* DogsWithSwordsTests.swift */,
			);
			path = DogsWithSwordsTests;
			sourceTree = "<group>";
		};
		3C1454E22A4B47010051804B /* DogsWithSwordsUITests */ = {
			isa = PBXGroup;
			children = (
				3C1454E32A4B47010051804B /* DogsWithSwordsUITests.swift */,
				3C1454E52A4B47010051804B /* DogsWithSwordsUITestsLaunchTests.swift */,
			);
			path = DogsWithSwordsUITests;
			sourceTree = "<group>";
		};
		3C1454F22A4B471A0051804B /* Views */ = {
			isa = PBXGroup;
			children = (
				3C1454CA2A4B46FF0051804B /* ContentView.swift */,
				3C1454F32A4B47310051804B /* BreedsView.swift */,
				3C1454FE2A4B4DE90051804B /* BreedsListCell.swift */,
				3C1455002A4B64DC0051804B /* SearchBreedsView.swift */,
				3CB11C982A4C729C007568BA /* BreedSearchListCell.swift */,
				3CB11C9A2A4C7CF6007568BA /* BreedDetailView.swift */,
			);
			path = Views;
			sourceTree = "<group>";
		};
		3C1454F52A4B49900051804B /* DTO */ = {
			isa = PBXGroup;
			children = (
				3C1454F62A4B499F0051804B /* BreedDTO.swift */,
			);
			path = DTO;
			sourceTree = "<group>";
		};
		3C1454F82A4B49BD0051804B /* Models */ = {
			isa = PBXGroup;
			children = (
				3CB11C942A4C4BAD007568BA /* BreedSearchModel.swift */,
				3C1454FA2A4B49EC0051804B /* BreedModel.swift */,
			);
			path = Models;
			sourceTree = "<group>";
		};
		3C1454F92A4B49C90051804B /* ViewModels */ = {
			isa = PBXGroup;
			children = (
				3C1454FC2A4B4ABE0051804B /* BreedListViewModel.swift */,
				3CB11C962A4C4C07007568BA /* BreedSearchViewModel.swift */,
			);
			path = ViewModels;
			sourceTree = "<group>";
		};
/* End PBXGroup section */

/* Begin PBXNativeTarget section */
		3C1454C42A4B46FF0051804B /* DogsWithSwords */ = {
			isa = PBXNativeTarget;
			buildConfigurationList = 3C1454E92A4B47010051804B /* Build configuration list for PBXNativeTarget "DogsWithSwords" */;
			buildPhases = (
				3C1454C12A4B46FF0051804B /* Sources */,
				3C1454C22A4B46FF0051804B /* Frameworks */,
				3C1454C32A4B46FF0051804B /* Resources */,
			);
			buildRules = (
			);
			dependencies = (
			);
			name = DogsWithSwords;
			productName = DogsWithSwords;
			productReference = 3C1454C52A4B46FF0051804B /* DogsWithSwords.app */;
			productType = "com.apple.product-type.application";
		};
		3C1454D42A4B47010051804B /* DogsWithSwordsTests */ = {
			isa = PBXNativeTarget;
			buildConfigurationList = 3C1454EC2A4B47010051804B /* Build configuration list for PBXNativeTarget "DogsWithSwordsTests" */;
			buildPhases = (
				3C1454D12A4B47010051804B /* Sources */,
				3C1454D22A4B47010051804B /* Frameworks */,
				3C1454D32A4B47010051804B /* Resources */,
			);
			buildRules = (
			);
			dependencies = (
				3C1454D72A4B47010051804B /* PBXTargetDependency */,
			);
			name = DogsWithSwordsTests;
			productName = DogsWithSwordsTests;
			productReference = 3C1454D52A4B47010051804B /* DogsWithSwordsTests.xctest */;
			productType = "com.apple.product-type.bundle.unit-test";
		};
		3C1454DE2A4B47010051804B /* DogsWithSwordsUITests */ = {
			isa = PBXNativeTarget;
			buildConfigurationList = 3C1454EF2A4B47010051804B /* Build configuration list for PBXNativeTarget "DogsWithSwordsUITests" */;
			buildPhases = (
				3C1454DB2A4B47010051804B /* Sources */,
				3C1454DC2A4B47010051804B /* Frameworks */,
				3C1454DD2A4B47010051804B /* Resources */,
			);
			buildRules = (
			);
			dependencies = (
				3C1454E12A4B47010051804B /* PBXTargetDependency */,
			);
			name = DogsWithSwordsUITests;
			productName = DogsWithSwordsUITests;
			productReference = 3C1454DF2A4B47010051804B /* DogsWithSwordsUITests.xctest */;
			productType = "com.apple.product-type.bundle.ui-testing";
		};
/* End PBXNativeTarget section */

/* Begin PBXProject section */
		3C1454BD2A4B46FF0051804B /* Project object */ = {
			isa = PBXProject;
			attributes = {
				BuildIndependentTargetsInParallel = 1;
				LastSwiftUpdateCheck = 1430;
				LastUpgradeCheck = 1430;
				TargetAttributes = {
					3C1454C42A4B46FF0051804B = {
						CreatedOnToolsVersion = 14.3;
					};
					3C1454D42A4B47010051804B = {
						CreatedOnToolsVersion = 14.3;
						TestTargetID = 3C1454C42A4B46FF0051804B;
					};
					3C1454DE2A4B47010051804B = {
						CreatedOnToolsVersion = 14.3;
						TestTargetID = 3C1454C42A4B46FF0051804B;
					};
				};
			};
			buildConfigurationList = 3C1454C02A4B46FF0051804B /* Build configuration list for PBXProject "DogsWithSwords" */;
			compatibilityVersion = "Xcode 14.0";
			developmentRegion = en;
			hasScannedForEncodings = 0;
			knownRegions = (
				en,
				Base,
			);
			mainGroup = 3C1454BC2A4B46FF0051804B;
			productRefGroup = 3C1454C62A4B46FF0051804B /* Products */;
			projectDirPath = "";
			projectRoot = "";
			targets = (
				3C1454C42A4B46FF0051804B /* DogsWithSwords */,
				3C1454D42A4B47010051804B /* DogsWithSwordsTests */,
				3C1454DE2A4B47010051804B /* DogsWithSwordsUITests */,
			);
		};
/* End PBXProject section */

/* Begin PBXResourcesBuildPhase section */
		3C1454C32A4B46FF0051804B /* Resources */ = {
			isa = PBXResourcesBuildPhase;
			buildActionMask = 2147483647;
			files = (
				3C1454D02A4B47000051804B /* Preview Assets.xcassets in Resources */,
				3C1454CD2A4B47000051804B /* Assets.xcassets in Resources */,
			);
			runOnlyForDeploymentPostprocessing = 0;
		};
		3C1454D32A4B47010051804B /* Resources */ = {
			isa = PBXResourcesBuildPhase;
			buildActionMask = 2147483647;
			files = (
			);
			runOnlyForDeploymentPostprocessing = 0;
		};
		3C1454DD2A4B47010051804B /* Resources */ = {
			isa = PBXResourcesBuildPhase;
			buildActionMask = 2147483647;
			files = (
			);
			runOnlyForDeploymentPostprocessing = 0;
		};
/* End PBXResourcesBuildPhase section */

/* Begin PBXSourcesBuildPhase section */
		3C1454C12A4B46FF0051804B /* Sources */ = {
			isa = PBXSourcesBuildPhase;
			buildActionMask = 2147483647;
			files = (
				3C1454CB2A4B46FF0051804B /* ContentView.swift in Sources */,
				3C1454F42A4B47310051804B /* BreedsView.swift in Sources */,
				3C1454FB2A4B49EC0051804B /* BreedModel.swift in Sources */,
				3CB11C952A4C4BAD007568BA /* BreedSearchModel.swift in Sources */,
				3CB11C9B2A4C7CF6007568BA /* BreedDetailView.swift in Sources */,
				3C1454FD2A4B4ABE0051804B /* BreedListViewModel.swift in Sources */,
				3C1454F72A4B499F0051804B /* BreedDTO.swift in Sources */,
				3C1454FF2A4B4DE90051804B /* BreedsListCell.swift in Sources */,
				3CB11C992A4C729C007568BA /* BreedSearchListCell.swift in Sources */,
				3C1454C92A4B46FF0051804B /* DogsWithSwordsApp.swift in Sources */,
				3C1455012A4B64DC0051804B /* SearchBreedsView.swift in Sources */,
				3CB11C972A4C4C07007568BA /* BreedSearchViewModel.swift in Sources */,
			);
			runOnlyForDeploymentPostprocessing = 0;
		};
		3C1454D12A4B47010051804B /* Sources */ = {
			isa = PBXSourcesBuildPhase;
			buildActionMask = 2147483647;
			files = (
				3C1454DA2A4B47010051804B /* DogsWithSwordsTests.swift in Sources */,
			);
			runOnlyForDeploymentPostprocessing = 0;
		};
		3C1454DB2A4B47010051804B /* Sources */ = {
			isa = PBXSourcesBuildPhase;
			buildActionMask = 2147483647;
			files = (
				3C1454E42A4B47010051804B /* DogsWithSwordsUITests.swift in Sources */,
				3C1454E62A4B47010051804B /* DogsWithSwordsUITestsLaunchTests.swift in Sources */,
			);
			runOnlyForDeploymentPostprocessing = 0;
		};
/* End PBXSourcesBuildPhase section */

/* Begin PBXTargetDependency section */
		3C1454D72A4B47010051804B /* PBXTargetDependency */ = {
			isa = PBXTargetDependency;
			target = 3C1454C42A4B46FF0051804B /* DogsWithSwords */;
			targetProxy = 3C1454D62A4B47010051804B /* PBXContainerItemProxy */;
		};
		3C1454E12A4B47010051804B /* PBXTargetDependency */ = {
			isa = PBXTargetDependency;
			target = 3C1454C42A4B46FF0051804B /* DogsWithSwords */;
			targetProxy = 3C1454E02A4B47010051804B /* PBXContainerItemProxy */;
		};
/* End PBXTargetDependency section */

/* Begin XCBuildConfiguration section */
		3C1454E72A4B47010051804B /* Debug */ = {
			isa = XCBuildConfiguration;
			buildSettings = {
				ALWAYS_SEARCH_USER_PATHS = NO;
				CLANG_ANALYZER_NONNULL = YES;
				CLANG_ANALYZER_NUMBER_OBJECT_CONVERSION = YES_AGGRESSIVE;
				CLANG_CXX_LANGUAGE_STANDARD = "gnu++20";
				CLANG_ENABLE_MODULES = YES;
				CLANG_ENABLE_OBJC_ARC = YES;
				CLANG_ENABLE_OBJC_WEAK = YES;
				CLANG_WARN_BLOCK_CAPTURE_AUTORELEASING = YES;
				CLANG_WARN_BOOL_CONVERSION = YES;
				CLANG_WARN_COMMA = YES;
				CLANG_WARN_CONSTANT_CONVERSION = YES;
				CLANG_WARN_DEPRECATED_OBJC_IMPLEMENTATIONS = YES;
				CLANG_WARN_DIRECT_OBJC_ISA_USAGE = YES_ERROR;
				CLANG_WARN_DOCUMENTATION_COMMENTS = YES;
				CLANG_WARN_EMPTY_BODY = YES;
				CLANG_WARN_ENUM_CONVERSION = YES;
				CLANG_WARN_INFINITE_RECURSION = YES;
				CLANG_WARN_INT_CONVERSION = YES;
				CLANG_WARN_NON_LITERAL_NULL_CONVERSION = YES;
				CLANG_WARN_OBJC_IMPLICIT_RETAIN_SELF = YES;
				CLANG_WARN_OBJC_LITERAL_CONVERSION = YES;
				CLANG_WARN_OBJC_ROOT_CLASS = YES_ERROR;
				CLANG_WARN_QUOTED_INCLUDE_IN_FRAMEWORK_HEADER = YES;
				CLANG_WARN_RANGE_LOOP_ANALYSIS = YES;
				CLANG_WARN_STRICT_PROTOTYPES = YES;
				CLANG_WARN_SUSPICIOUS_MOVE = YES;
				CLANG_WARN_UNGUARDED_AVAILABILITY = YES_AGGRESSIVE;
				CLANG_WARN_UNREACHABLE_CODE = YES;
				CLANG_WARN__DUPLICATE_METHOD_MATCH = YES;
				COPY_PHASE_STRIP = NO;
				DEBUG_INFORMATION_FORMAT = dwarf;
				ENABLE_STRICT_OBJC_MSGSEND = YES;
				ENABLE_TESTABILITY = YES;
				GCC_C_LANGUAGE_STANDARD = gnu11;
				GCC_DYNAMIC_NO_PIC = NO;
				GCC_NO_COMMON_BLOCKS = YES;
				GCC_OPTIMIZATION_LEVEL = 0;
				GCC_PREPROCESSOR_DEFINITIONS = (
					"DEBUG=1",
					"$(inherited)",
				);
				GCC_WARN_64_TO_32_BIT_CONVERSION = YES;
				GCC_WARN_ABOUT_RETURN_TYPE = YES_ERROR;
				GCC_WARN_UNDECLARED_SELECTOR = YES;
				GCC_WARN_UNINITIALIZED_AUTOS = YES_AGGRESSIVE;
				GCC_WARN_UNUSED_FUNCTION = YES;
				GCC_WARN_UNUSED_VARIABLE = YES;
				IPHONEOS_DEPLOYMENT_TARGET = 16.4;
				MTL_ENABLE_DEBUG_INFO = INCLUDE_SOURCE;
				MTL_FAST_MATH = YES;
				ONLY_ACTIVE_ARCH = YES;
				SDKROOT = iphoneos;
				SWIFT_ACTIVE_COMPILATION_CONDITIONS = DEBUG;
				SWIFT_OPTIMIZATION_LEVEL = "-Onone";
			};
			name = Debug;
		};
		3C1454E82A4B47010051804B /* Release */ = {
			isa = XCBuildConfiguration;
			buildSettings = {
				ALWAYS_SEARCH_USER_PATHS = NO;
				CLANG_ANALYZER_NONNULL = YES;
				CLANG_ANALYZER_NUMBER_OBJECT_CONVERSION = YES_AGGRESSIVE;
				CLANG_CXX_LANGUAGE_STANDARD = "gnu++20";
				CLANG_ENABLE_MODULES = YES;
				CLANG_ENABLE_OBJC_ARC = YES;
				CLANG_ENABLE_OBJC_WEAK = YES;
				CLANG_WARN_BLOCK_CAPTURE_AUTORELEASING = YES;
				CLANG_WARN_BOOL_CONVERSION = YES;
				CLANG_WARN_COMMA = YES;
				CLANG_WARN_CONSTANT_CONVERSION = YES;
				CLANG_WARN_DEPRECATED_OBJC_IMPLEMENTATIONS = YES;
				CLANG_WARN_DIRECT_OBJC_ISA_USAGE = YES_ERROR;
				CLANG_WARN_DOCUMENTATION_COMMENTS = YES;
				CLANG_WARN_EMPTY_BODY = YES;
				CLANG_WARN_ENUM_CONVERSION = YES;
				CLANG_WARN_INFINITE_RECURSION = YES;
				CLANG_WARN_INT_CONVERSION = YES;
				CLANG_WARN_NON_LITERAL_NULL_CONVERSION = YES;
				CLANG_WARN_OBJC_IMPLICIT_RETAIN_SELF = YES;
				CLANG_WARN_OBJC_LITERAL_CONVERSION = YES;
				CLANG_WARN_OBJC_ROOT_CLASS = YES_ERROR;
				CLANG_WARN_QUOTED_INCLUDE_IN_FRAMEWORK_HEADER = YES;
				CLANG_WARN_RANGE_LOOP_ANALYSIS = YES;
				CLANG_WARN_STRICT_PROTOTYPES = YES;
				CLANG_WARN_SUSPICIOUS_MOVE = YES;
				CLANG_WARN_UNGUARDED_AVAILABILITY = YES_AGGRESSIVE;
				CLANG_WARN_UNREACHABLE_CODE = YES;
				CLANG_WARN__DUPLICATE_METHOD_MATCH = YES;
				COPY_PHASE_STRIP = NO;
				DEBUG_INFORMATION_FORMAT = "dwarf-with-dsym";
				ENABLE_NS_ASSERTIONS = NO;
				ENABLE_STRICT_OBJC_MSGSEND = YES;
				GCC_C_LANGUAGE_STANDARD = gnu11;
				GCC_NO_COMMON_BLOCKS = YES;
				GCC_WARN_64_TO_32_BIT_CONVERSION = YES;
				GCC_WARN_ABOUT_RETURN_TYPE = YES_ERROR;
				GCC_WARN_UNDECLARED_SELECTOR = YES;
				GCC_WARN_UNINITIALIZED_AUTOS = YES_AGGRESSIVE;
				GCC_WARN_UNUSED_FUNCTION = YES;
				GCC_WARN_UNUSED_VARIABLE = YES;
				IPHONEOS_DEPLOYMENT_TARGET = 16.4;
				MTL_ENABLE_DEBUG_INFO = NO;
				MTL_FAST_MATH = YES;
				SDKROOT = iphoneos;
				SWIFT_COMPILATION_MODE = wholemodule;
				SWIFT_OPTIMIZATION_LEVEL = "-O";
				VALIDATE_PRODUCT = YES;
			};
			name = Release;
		};
		3C1454EA2A4B47010051804B /* Debug */ = {
			isa = XCBuildConfiguration;
			buildSettings = {
				ASSETCATALOG_COMPILER_APPICON_NAME = AppIcon;
				ASSETCATALOG_COMPILER_GLOBAL_ACCENT_COLOR_NAME = AccentColor;
				CODE_SIGN_STYLE = Automatic;
				CURRENT_PROJECT_VERSION = 1;
				DEVELOPMENT_ASSET_PATHS = "\"DogsWithSwords/Preview Content\"";
				DEVELOPMENT_TEAM = M72SDXWVA8;
				ENABLE_PREVIEWS = YES;
				GENERATE_INFOPLIST_FILE = YES;
				INFOPLIST_KEY_UIApplicationSceneManifest_Generation = YES;
				INFOPLIST_KEY_UIApplicationSupportsIndirectInputEvents = YES;
				INFOPLIST_KEY_UILaunchScreen_Generation = YES;
				INFOPLIST_KEY_UISupportedInterfaceOrientations_iPad = "UIInterfaceOrientationPortrait UIInterfaceOrientationPortraitUpsideDown UIInterfaceOrientationLandscapeLeft UIInterfaceOrientationLandscapeRight";
				INFOPLIST_KEY_UISupportedInterfaceOrientations_iPhone = "UIInterfaceOrientationPortrait UIInterfaceOrientationLandscapeLeft UIInterfaceOrientationLandscapeRight";
				LD_RUNPATH_SEARCH_PATHS = (
					"$(inherited)",
					"@executable_path/Frameworks",
				);
				MARKETING_VERSION = 1.0;
				PRODUCT_BUNDLE_IDENTIFIER = manuelpeixoto.DogsWithSwords;
				PRODUCT_NAME = "$(TARGET_NAME)";
				SWIFT_EMIT_LOC_STRINGS = YES;
				SWIFT_VERSION = 5.0;
				TARGETED_DEVICE_FAMILY = "1,2";
			};
			name = Debug;
		};
		3C1454EB2A4B47010051804B /* Release */ = {
			isa = XCBuildConfiguration;
			buildSettings = {
				ASSETCATALOG_COMPILER_APPICON_NAME = AppIcon;
				ASSETCATALOG_COMPILER_GLOBAL_ACCENT_COLOR_NAME = AccentColor;
				CODE_SIGN_STYLE = Automatic;
				CURRENT_PROJECT_VERSION = 1;
				DEVELOPMENT_ASSET_PATHS = "\"DogsWithSwords/Preview Content\"";
				DEVELOPMENT_TEAM = M72SDXWVA8;
				ENABLE_PREVIEWS = YES;
				GENERATE_INFOPLIST_FILE = YES;
				INFOPLIST_KEY_UIApplicationSceneManifest_Generation = YES;
				INFOPLIST_KEY_UIApplicationSupportsIndirectInputEvents = YES;
				INFOPLIST_KEY_UILaunchScreen_Generation = YES;
				INFOPLIST_KEY_UISupportedInterfaceOrientations_iPad = "UIInterfaceOrientationPortrait UIInterfaceOrientationPortraitUpsideDown UIInterfaceOrientationLandscapeLeft UIInterfaceOrientationLandscapeRight";
				INFOPLIST_KEY_UISupportedInterfaceOrientations_iPhone = "UIInterfaceOrientationPortrait UIInterfaceOrientationLandscapeLeft UIInterfaceOrientationLandscapeRight";
				LD_RUNPATH_SEARCH_PATHS = (
					"$(inherited)",
					"@executable_path/Frameworks",
				);
				MARKETING_VERSION = 1.0;
				PRODUCT_BUNDLE_IDENTIFIER = manuelpeixoto.DogsWithSwords;
				PRODUCT_NAME = "$(TARGET_NAME)";
				SWIFT_EMIT_LOC_STRINGS = YES;
				SWIFT_VERSION = 5.0;
				TARGETED_DEVICE_FAMILY = "1,2";
			};
			name = Release;
		};
		3C1454ED2A4B47010051804B /* Debug */ = {
			isa = XCBuildConfiguration;
			buildSettings = {
				ALWAYS_EMBED_SWIFT_STANDARD_LIBRARIES = YES;
				BUNDLE_LOADER = "$(TEST_HOST)";
				CODE_SIGN_STYLE = Automatic;
				CURRENT_PROJECT_VERSION = 1;
				DEVELOPMENT_TEAM = M72SDXWVA8;
				GENERATE_INFOPLIST_FILE = YES;
				IPHONEOS_DEPLOYMENT_TARGET = 16.4;
				MARKETING_VERSION = 1.0;
				PRODUCT_BUNDLE_IDENTIFIER = manuelpeixoto.DogsWithSwordsTests;
				PRODUCT_NAME = "$(TARGET_NAME)";
				SWIFT_EMIT_LOC_STRINGS = NO;
				SWIFT_VERSION = 5.0;
				TARGETED_DEVICE_FAMILY = "1,2";
				TEST_HOST = "$(BUILT_PRODUCTS_DIR)/DogsWithSwords.app/$(BUNDLE_EXECUTABLE_FOLDER_PATH)/DogsWithSwords";
			};
			name = Debug;
		};
		3C1454EE2A4B47010051804B /* Release */ = {
			isa = XCBuildConfiguration;
			buildSettings = {
				ALWAYS_EMBED_SWIFT_STANDARD_LIBRARIES = YES;
				BUNDLE_LOADER = "$(TEST_HOST)";
				CODE_SIGN_STYLE = Automatic;
				CURRENT_PROJECT_VERSION = 1;
				DEVELOPMENT_TEAM = M72SDXWVA8;
				GENERATE_INFOPLIST_FILE = YES;
				IPHONEOS_DEPLOYMENT_TARGET = 16.4;
				MARKETING_VERSION = 1.0;
				PRODUCT_BUNDLE_IDENTIFIER = manuelpeixoto.DogsWithSwordsTests;
				PRODUCT_NAME = "$(TARGET_NAME)";
				SWIFT_EMIT_LOC_STRINGS = NO;
				SWIFT_VERSION = 5.0;
				TARGETED_DEVICE_FAMILY = "1,2";
				TEST_HOST = "$(BUILT_PRODUCTS_DIR)/DogsWithSwords.app/$(BUNDLE_EXECUTABLE_FOLDER_PATH)/DogsWithSwords";
			};
			name = Release;
		};
		3C1454F02A4B47010051804B /* Debug */ = {
			isa = XCBuildConfiguration;
			buildSettings = {
				ALWAYS_EMBED_SWIFT_STANDARD_LIBRARIES = YES;
				CODE_SIGN_STYLE = Automatic;
				CURRENT_PROJECT_VERSION = 1;
				DEVELOPMENT_TEAM = M72SDXWVA8;
				GENERATE_INFOPLIST_FILE = YES;
				MARKETING_VERSION = 1.0;
				PRODUCT_BUNDLE_IDENTIFIER = manuelpeixoto.DogsWithSwordsUITests;
				PRODUCT_NAME = "$(TARGET_NAME)";
				SWIFT_EMIT_LOC_STRINGS = NO;
				SWIFT_VERSION = 5.0;
				TARGETED_DEVICE_FAMILY = "1,2";
				TEST_TARGET_NAME = DogsWithSwords;
			};
			name = Debug;
		};
		3C1454F12A4B47010051804B /* Release */ = {
			isa = XCBuildConfiguration;
			buildSettings = {
				ALWAYS_EMBED_SWIFT_STANDARD_LIBRARIES = YES;
				CODE_SIGN_STYLE = Automatic;
				CURRENT_PROJECT_VERSION = 1;
				DEVELOPMENT_TEAM = M72SDXWVA8;
				GENERATE_INFOPLIST_FILE = YES;
				MARKETING_VERSION = 1.0;
				PRODUCT_BUNDLE_IDENTIFIER = manuelpeixoto.DogsWithSwordsUITests;
				PRODUCT_NAME = "$(TARGET_NAME)";
				SWIFT_EMIT_LOC_STRINGS = NO;
				SWIFT_VERSION = 5.0;
				TARGETED_DEVICE_FAMILY = "1,2";
				TEST_TARGET_NAME = DogsWithSwords;
			};
			name = Release;
		};
/* End XCBuildConfiguration section */

/* Begin XCConfigurationList section */
		3C1454C02A4B46FF0051804B /* Build configuration list for PBXProject "DogsWithSwords" */ = {
			isa = XCConfigurationList;
			buildConfigurations = (
				3C1454E72A4B47010051804B /* Debug */,
				3C1454E82A4B47010051804B /* Release */,
			);
			defaultConfigurationIsVisible = 0;
			defaultConfigurationName = Release;
		};
		3C1454E92A4B47010051804B /* Build configuration list for PBXNativeTarget "DogsWithSwords" */ = {
			isa = XCConfigurationList;
			buildConfigurations = (
				3C1454EA2A4B47010051804B /* Debug */,
				3C1454EB2A4B47010051804B /* Release */,
			);
			defaultConfigurationIsVisible = 0;
			defaultConfigurationName = Release;
		};
		3C1454EC2A4B47010051804B /* Build configuration list for PBXNativeTarget "DogsWithSwordsTests" */ = {
			isa = XCConfigurationList;
			buildConfigurations = (
				3C1454ED2A4B47010051804B /* Debug */,
				3C1454EE2A4B47010051804B /* Release */,
			);
			defaultConfigurationIsVisible = 0;
			defaultConfigurationName = Release;
		};
		3C1454EF2A4B47010051804B /* Build configuration list for PBXNativeTarget "DogsWithSwordsUITests" */ = {
			isa = XCConfigurationList;
			buildConfigurations = (
				3C1454F02A4B47010051804B /* Debug */,
				3C1454F12A4B47010051804B /* Release */,
			);
			defaultConfigurationIsVisible = 0;
			defaultConfigurationName = Release;
		};
/* End XCConfigurationList section */
	};
	rootObject = 3C1454BD2A4B46FF0051804B /* Project object */;
}
